
Microsoft Visual Studio Solution File, Format Version 12.00
# Visual Studio Version 16
VisualStudioVersion = 16.0.31911.196
MinimumVisualStudioVersion = 10.0.40219.1
Project("{FAE04EC0-301F-11D3-BF4B-00C04F79EFBC}") = "p17_3", "p17_3.csproj", "{09B7EB1E-1440-4B82-AFD9-6F17BAD93474}"
EndProject
Global
	GlobalSection(SolutionConfigurationPlatforms) = preSolution
		Debug|Any CPU = Debug|Any CPU
		Release|Any CPU = Release|Any CPU
	EndGlobalSection
	GlobalSection(ProjectConfigurationPlatforms) = postSolution
		{09B7EB1E-1440-4B82-AFD9-6F17BAD93474}.Debug|Any CPU.ActiveCfg = Debug|Any CPU
		{09B7EB1E-1440-4B82-AFD9-6F17BAD93474}.Debug|Any CPU.Build.0 = Debug|Any CPU
		{09B7EB1E-1440-4B82-AFD9-6F17BAD93474}.Release|Any CPU.ActiveCfg = Release|Any CPU
		{09B7EB1E-1440-4B82-AFD9-6F17BAD93474}.Release|Any CPU.Build.0 = Release|Any CPU
	EndGlobalSection
	GlobalSection(SolutionProperties) = preSolution
		HideSolutionNode = FALSE
	EndGlobalSection
	GlobalSection(ExtensibilityGlobals) = postSolution
		SolutionGuid = {EFE84CEA-C4A2-4DA5-A5AF-A31DA7985FF3}
	EndGlobalSection
EndGlobal
